// !$*UTF8*$!
{
	archiveVersion = 1;
	classes = {
	};
	objectVersion = 50;
	objects = {

/* Begin PBXBuildFile section */
		635324562254F63A003E3762 /* AppDelegate.swift in Sources */ = {isa = PBXBuildFile; fileRef = 635324552254F63A003E3762 /* AppDelegate.swift */; };
		6353245B2254F63A003E3762 /* Main.storyboard in Resources */ = {isa = PBXBuildFile; fileRef = 635324592254F63A003E3762 /* Main.storyboard */; };
		6353245D2254F63C003E3762 /* Assets.xcassets in Resources */ = {isa = PBXBuildFile; fileRef = 6353245C2254F63C003E3762 /* Assets.xcassets */; };
		635324602254F63C003E3762 /* LaunchScreen.storyboard in Resources */ = {isa = PBXBuildFile; fileRef = 6353245E2254F63C003E3762 /* LaunchScreen.storyboard */; };
		635324692254F6D4003E3762 /* ImageSettingsVC.swift in Sources */ = {isa = PBXBuildFile; fileRef = 635324672254F6D4003E3762 /* ImageSettingsVC.swift */; };
		6353246A2254F6D4003E3762 /* ImageSettingsVC.xib in Resources */ = {isa = PBXBuildFile; fileRef = 635324682254F6D4003E3762 /* ImageSettingsVC.xib */; };
		635324702254FE85003E3762 /* Extensions.swift in Sources */ = {isa = PBXBuildFile; fileRef = 6353246F2254FE85003E3762 /* Extensions.swift */; };
		6353247C2258A717003E3762 /* hsv_filter.cikernel in Resources */ = {isa = PBXBuildFile; fileRef = 6353247B2258A717003E3762 /* hsv_filter.cikernel */; };
		6353247E2258A9A4003E3762 /* AdvHSLFilter.swift in Sources */ = {isa = PBXBuildFile; fileRef = 6353247D2258A9A4003E3762 /* AdvHSLFilter.swift */; };
		635324802258AC95003E3762 /* ColorUtility.swift in Sources */ = {isa = PBXBuildFile; fileRef = 6353247F2258AC95003E3762 /* ColorUtility.swift */; };
		635324832258BDAA003E3762 /* FilteredImageHelper.swift in Sources */ = {isa = PBXBuildFile; fileRef = 635324822258BDAA003E3762 /* FilteredImageHelper.swift */; };
		635324892258DD4D003E3762 /* ImageScrollView.swift in Sources */ = {isa = PBXBuildFile; fileRef = 635324882258DD4D003E3762 /* ImageScrollView.swift */; };
		6353248B2258E29F003E3762 /* GradientSlider.swift in Sources */ = {isa = PBXBuildFile; fileRef = 6353248A2258E29F003E3762 /* GradientSlider.swift */; };
		6353248D2258F885003E3762 /* HSLControlView.swift in Sources */ = {isa = PBXBuildFile; fileRef = 6353248C2258F885003E3762 /* HSLControlView.swift */; };
		6353248F2258F8AE003E3762 /* HSLControlView.xib in Resources */ = {isa = PBXBuildFile; fileRef = 6353248E2258F8AE003E3762 /* HSLControlView.xib */; };
		635324922259197E003E3762 /* ColorFilter.swift in Sources */ = {isa = PBXBuildFile; fileRef = 635324912259197E003E3762 /* ColorFilter.swift */; };
		6353249622591B95003E3762 /* ColorRoundButton.xib in Resources */ = {isa = PBXBuildFile; fileRef = 6353249522591B95003E3762 /* ColorRoundButton.xib */; };
		6353249822591BA4003E3762 /* RoundImage.swift in Sources */ = {isa = PBXBuildFile; fileRef = 6353249722591BA4003E3762 /* RoundImage.swift */; };
		6353249A22591EE0003E3762 /* ColorRoundButton.swift in Sources */ = {isa = PBXBuildFile; fileRef = 6353249922591EE0003E3762 /* ColorRoundButton.swift */; };
		6353249C22592351003E3762 /* ColorPaleteView.xib in Resources */ = {isa = PBXBuildFile; fileRef = 6353249B22592351003E3762 /* ColorPaleteView.xib */; };
		6353249E22592392003E3762 /* ColorItem.swift in Sources */ = {isa = PBXBuildFile; fileRef = 6353249D22592392003E3762 /* ColorItem.swift */; };
		635324A7225925FF003E3762 /* ColorPaleteView.swift in Sources */ = {isa = PBXBuildFile; fileRef = 635324A6225925FF003E3762 /* ColorPaleteView.swift */; };
		635324AA2259265E003E3762 /* ColorAdapter.swift in Sources */ = {isa = PBXBuildFile; fileRef = 635324A92259265E003E3762 /* ColorAdapter.swift */; };
		635324AD2259270E003E3762 /* ColorCell.swift in Sources */ = {isa = PBXBuildFile; fileRef = 635324AB2259270E003E3762 /* ColorCell.swift */; };
		635324AE2259270E003E3762 /* ColorCell.xib in Resources */ = {isa = PBXBuildFile; fileRef = 635324AC2259270E003E3762 /* ColorCell.xib */; };
		635324B02259F140003E3762 /* FilterImageManager.swift in Sources */ = {isa = PBXBuildFile; fileRef = 635324AF2259F140003E3762 /* FilterImageManager.swift */; };
		635324B2225A23A0003E3762 /* HSVSlider.swift in Sources */ = {isa = PBXBuildFile; fileRef = 635324B1225A23A0003E3762 /* HSVSlider.swift */; };
		635324B4225A4F3C003E3762 /* ActionImageButton.swift in Sources */ = {isa = PBXBuildFile; fileRef = 635324B3225A4F3C003E3762 /* ActionImageButton.swift */; };
		635324B7225A5414003E3762 /* ImagePickerController.swift in Sources */ = {isa = PBXBuildFile; fileRef = 635324B5225A5414003E3762 /* ImagePickerController.swift */; };
		635324B8225A5414003E3762 /* ImagePickerController.xib in Resources */ = {isa = PBXBuildFile; fileRef = 635324B6225A5414003E3762 /* ImagePickerController.xib */; };
		635324BD225A5665003E3762 /* ImagePickerCell.swift in Sources */ = {isa = PBXBuildFile; fileRef = 635324BB225A5665003E3762 /* ImagePickerCell.swift */; };
		635324BE225A5665003E3762 /* ImagePickerCell.xib in Resources */ = {isa = PBXBuildFile; fileRef = 635324BC225A5665003E3762 /* ImagePickerCell.xib */; };
		635324C0225A56EE003E3762 /* ImageAdapter.swift in Sources */ = {isa = PBXBuildFile; fileRef = 635324BF225A56EE003E3762 /* ImageAdapter.swift */; };
/* End PBXBuildFile section */

/* Begin PBXFileReference section */
		635324522254F63A003E3762 /* HSLImageProcessing.app */ = {isa = PBXFileReference; explicitFileType = wrapper.application; includeInIndex = 0; path = HSLImageProcessing.app; sourceTree = BUILT_PRODUCTS_DIR; };
		635324552254F63A003E3762 /* AppDelegate.swift */ = {isa = PBXFileReference; lastKnownFileType = sourcecode.swift; path = AppDelegate.swift; sourceTree = "<group>"; };
		6353245A2254F63A003E3762 /* Base */ = {isa = PBXFileReference; lastKnownFileType = file.storyboard; name = Base; path = Base.lproj/Main.storyboard; sourceTree = "<group>"; };
		6353245C2254F63C003E3762 /* Assets.xcassets */ = {isa = PBXFileReference; lastKnownFileType = folder.assetcatalog; path = Assets.xcassets; sourceTree = "<group>"; };
		6353245F2254F63C003E3762 /* Base */ = {isa = PBXFileReference; lastKnownFileType = file.storyboard; name = Base; path = Base.lproj/LaunchScreen.storyboard; sourceTree = "<group>"; };
		635324612254F63C003E3762 /* Info.plist */ = {isa = PBXFileReference; lastKnownFileType = text.plist.xml; path = Info.plist; sourceTree = "<group>"; };
		635324672254F6D4003E3762 /* ImageSettingsVC.swift */ = {isa = PBXFileReference; lastKnownFileType = sourcecode.swift; path = ImageSettingsVC.swift; sourceTree = "<group>"; };
		635324682254F6D4003E3762 /* ImageSettingsVC.xib */ = {isa = PBXFileReference; lastKnownFileType = file.xib; path = ImageSettingsVC.xib; sourceTree = "<group>"; };
		6353246F2254FE85003E3762 /* Extensions.swift */ = {isa = PBXFileReference; lastKnownFileType = sourcecode.swift; path = Extensions.swift; sourceTree = "<group>"; };
		6353247B2258A717003E3762 /* hsv_filter.cikernel */ = {isa = PBXFileReference; lastKnownFileType = text; path = hsv_filter.cikernel; sourceTree = "<group>"; };
		6353247D2258A9A4003E3762 /* AdvHSLFilter.swift */ = {isa = PBXFileReference; lastKnownFileType = sourcecode.swift; path = AdvHSLFilter.swift; sourceTree = "<group>"; };
		6353247F2258AC95003E3762 /* ColorUtility.swift */ = {isa = PBXFileReference; lastKnownFileType = sourcecode.swift; path = ColorUtility.swift; sourceTree = "<group>"; };
		635324822258BDAA003E3762 /* FilteredImageHelper.swift */ = {isa = PBXFileReference; lastKnownFileType = sourcecode.swift; path = FilteredImageHelper.swift; sourceTree = "<group>"; };
		635324882258DD4D003E3762 /* ImageScrollView.swift */ = {isa = PBXFileReference; lastKnownFileType = sourcecode.swift; path = ImageScrollView.swift; sourceTree = "<group>"; };
		6353248A2258E29F003E3762 /* GradientSlider.swift */ = {isa = PBXFileReference; lastKnownFileType = sourcecode.swift; path = GradientSlider.swift; sourceTree = "<group>"; };
		6353248C2258F885003E3762 /* HSLControlView.swift */ = {isa = PBXFileReference; lastKnownFileType = sourcecode.swift; path = HSLControlView.swift; sourceTree = "<group>"; };
		6353248E2258F8AE003E3762 /* HSLControlView.xib */ = {isa = PBXFileReference; lastKnownFileType = file.xib; path = HSLControlView.xib; sourceTree = "<group>"; };
		635324912259197E003E3762 /* ColorFilter.swift */ = {isa = PBXFileReference; lastKnownFileType = sourcecode.swift; path = ColorFilter.swift; sourceTree = "<group>"; };
		6353249522591B95003E3762 /* ColorRoundButton.xib */ = {isa = PBXFileReference; lastKnownFileType = file.xib; path = ColorRoundButton.xib; sourceTree = "<group>"; };
		6353249722591BA4003E3762 /* RoundImage.swift */ = {isa = PBXFileReference; lastKnownFileType = sourcecode.swift; path = RoundImage.swift; sourceTree = "<group>"; };
		6353249922591EE0003E3762 /* ColorRoundButton.swift */ = {isa = PBXFileReference; lastKnownFileType = sourcecode.swift; path = ColorRoundButton.swift; sourceTree = "<group>"; };
		6353249B22592351003E3762 /* ColorPaleteView.xib */ = {isa = PBXFileReference; lastKnownFileType = file.xib; path = ColorPaleteView.xib; sourceTree = "<group>"; };
		6353249D22592392003E3762 /* ColorItem.swift */ = {isa = PBXFileReference; lastKnownFileType = sourcecode.swift; path = ColorItem.swift; sourceTree = "<group>"; };
		635324A6225925FF003E3762 /* ColorPaleteView.swift */ = {isa = PBXFileReference; lastKnownFileType = sourcecode.swift; path = ColorPaleteView.swift; sourceTree = "<group>"; };
		635324A92259265E003E3762 /* ColorAdapter.swift */ = {isa = PBXFileReference; lastKnownFileType = sourcecode.swift; path = ColorAdapter.swift; sourceTree = "<group>"; };
		635324AB2259270E003E3762 /* ColorCell.swift */ = {isa = PBXFileReference; lastKnownFileType = sourcecode.swift; path = ColorCell.swift; sourceTree = "<group>"; };
		635324AC2259270E003E3762 /* ColorCell.xib */ = {isa = PBXFileReference; lastKnownFileType = file.xib; path = ColorCell.xib; sourceTree = "<group>"; };
		635324AF2259F140003E3762 /* FilterImageManager.swift */ = {isa = PBXFileReference; lastKnownFileType = sourcecode.swift; path = FilterImageManager.swift; sourceTree = "<group>"; };
		635324B1225A23A0003E3762 /* HSVSlider.swift */ = {isa = PBXFileReference; lastKnownFileType = sourcecode.swift; path = HSVSlider.swift; sourceTree = "<group>"; };
		635324B3225A4F3C003E3762 /* ActionImageButton.swift */ = {isa = PBXFileReference; lastKnownFileType = sourcecode.swift; path = ActionImageButton.swift; sourceTree = "<group>"; };
		635324B5225A5414003E3762 /* ImagePickerController.swift */ = {isa = PBXFileReference; lastKnownFileType = sourcecode.swift; path = ImagePickerController.swift; sourceTree = "<group>"; };
		635324B6225A5414003E3762 /* ImagePickerController.xib */ = {isa = PBXFileReference; lastKnownFileType = file.xib; path = ImagePickerController.xib; sourceTree = "<group>"; };
		635324BB225A5665003E3762 /* ImagePickerCell.swift */ = {isa = PBXFileReference; lastKnownFileType = sourcecode.swift; path = ImagePickerCell.swift; sourceTree = "<group>"; };
		635324BC225A5665003E3762 /* ImagePickerCell.xib */ = {isa = PBXFileReference; lastKnownFileType = file.xib; path = ImagePickerCell.xib; sourceTree = "<group>"; };
		635324BF225A56EE003E3762 /* ImageAdapter.swift */ = {isa = PBXFileReference; lastKnownFileType = sourcecode.swift; path = ImageAdapter.swift; sourceTree = "<group>"; };
/* End PBXFileReference section */

/* Begin PBXFrameworksBuildPhase section */
		6353244F2254F639003E3762 /* Frameworks */ = {
			isa = PBXFrameworksBuildPhase;
			buildActionMask = 2147483647;
			files = (
			);
			runOnlyForDeploymentPostprocessing = 0;
		};
/* End PBXFrameworksBuildPhase section */

/* Begin PBXGroup section */
		635324492254F639003E3762 = {
			isa = PBXGroup;
			children = (
				635324542254F63A003E3762 /* HSLImageProcessing */,
				635324532254F63A003E3762 /* Products */,
			);
			sourceTree = "<group>";
		};
		635324532254F63A003E3762 /* Products */ = {
			isa = PBXGroup;
			children = (
				635324522254F63A003E3762 /* HSLImageProcessing.app */,
			);
			name = Products;
			sourceTree = "<group>";
		};
		635324542254F63A003E3762 /* HSLImageProcessing */ = {
			isa = PBXGroup;
			children = (
				635324A822592648003E3762 /* adapter */,
				6353249322591B5C003E3762 /* view */,
				6353249022591936003E3762 /* model */,
				635324552254F63A003E3762 /* AppDelegate.swift */,
				635324592254F63A003E3762 /* Main.storyboard */,
				6353245C2254F63C003E3762 /* Assets.xcassets */,
				6353245E2254F63C003E3762 /* LaunchScreen.storyboard */,
				635324612254F63C003E3762 /* Info.plist */,
				635324672254F6D4003E3762 /* ImageSettingsVC.swift */,
				635324682254F6D4003E3762 /* ImageSettingsVC.xib */,
				6353246F2254FE85003E3762 /* Extensions.swift */,
				6353247B2258A717003E3762 /* hsv_filter.cikernel */,
				6353247D2258A9A4003E3762 /* AdvHSLFilter.swift */,
				6353247F2258AC95003E3762 /* ColorUtility.swift */,
				635324822258BDAA003E3762 /* FilteredImageHelper.swift */,
				635324AF2259F140003E3762 /* FilterImageManager.swift */,
				635324B5225A5414003E3762 /* ImagePickerController.swift */,
				635324B6225A5414003E3762 /* ImagePickerController.xib */,
			);
			path = HSLImageProcessing;
			sourceTree = "<group>";
		};
		6353249022591936003E3762 /* model */ = {
			isa = PBXGroup;
			children = (
				635324912259197E003E3762 /* ColorFilter.swift */,
				6353249D22592392003E3762 /* ColorItem.swift */,
			);
			path = model;
			sourceTree = "<group>";
		};
		6353249322591B5C003E3762 /* view */ = {
			isa = PBXGroup;
			children = (
				635324B9225A5644003E3762 /* picker */,
				6353249F225923E8003E3762 /* cell */,
				6353249422591B6D003E3762 /* colorbutton */,
				635324882258DD4D003E3762 /* ImageScrollView.swift */,
				6353248A2258E29F003E3762 /* GradientSlider.swift */,
				6353248C2258F885003E3762 /* HSLControlView.swift */,
				6353248E2258F8AE003E3762 /* HSLControlView.xib */,
				6353249B22592351003E3762 /* ColorPaleteView.xib */,
				635324A6225925FF003E3762 /* ColorPaleteView.swift */,
				635324B1225A23A0003E3762 /* HSVSlider.swift */,
				635324B3225A4F3C003E3762 /* ActionImageButton.swift */,
			);
			path = view;
			sourceTree = "<group>";
		};
		6353249422591B6D003E3762 /* colorbutton */ = {
			isa = PBXGroup;
			children = (
				6353249522591B95003E3762 /* ColorRoundButton.xib */,
				6353249722591BA4003E3762 /* RoundImage.swift */,
				6353249922591EE0003E3762 /* ColorRoundButton.swift */,
			);
			path = colorbutton;
			sourceTree = "<group>";
		};
		6353249F225923E8003E3762 /* cell */ = {
			isa = PBXGroup;
			children = (
				635324AB2259270E003E3762 /* ColorCell.swift */,
				635324AC2259270E003E3762 /* ColorCell.xib */,
			);
			path = cell;
			sourceTree = "<group>";
		};
		635324A822592648003E3762 /* adapter */ = {
			isa = PBXGroup;
			children = (
				635324A92259265E003E3762 /* ColorAdapter.swift */,
				635324BF225A56EE003E3762 /* ImageAdapter.swift */,
			);
			path = adapter;
			sourceTree = "<group>";
		};
		635324B9225A5644003E3762 /* picker */ = {
			isa = PBXGroup;
			children = (
				635324BA225A564A003E3762 /* cell */,
			);
			path = picker;
			sourceTree = "<group>";
		};
		635324BA225A564A003E3762 /* cell */ = {
			isa = PBXGroup;
			children = (
				635324BB225A5665003E3762 /* ImagePickerCell.swift */,
				635324BC225A5665003E3762 /* ImagePickerCell.xib */,
			);
			path = cell;
			sourceTree = "<group>";
		};
/* End PBXGroup section */

/* Begin PBXNativeTarget section */
		635324512254F639003E3762 /* HSLImageProcessing */ = {
			isa = PBXNativeTarget;
			buildConfigurationList = 635324642254F63C003E3762 /* Build configuration list for PBXNativeTarget "HSLImageProcessing" */;
			buildPhases = (
				6353244E2254F639003E3762 /* Sources */,
				6353244F2254F639003E3762 /* Frameworks */,
				635324502254F639003E3762 /* Resources */,
			);
			buildRules = (
			);
			dependencies = (
			);
			name = HSLImageProcessing;
			productName = HSLImageProcessing;
			productReference = 635324522254F63A003E3762 /* HSLImageProcessing.app */;
			productType = "com.apple.product-type.application";
		};
/* End PBXNativeTarget section */

/* Begin PBXProject section */
		6353244A2254F639003E3762 /* Project object */ = {
			isa = PBXProject;
			attributes = {
				LastSwiftUpdateCheck = 1010;
				LastUpgradeCheck = 1010;
				ORGANIZATIONNAME = azharkova;
				TargetAttributes = {
					635324512254F639003E3762 = {
						CreatedOnToolsVersion = 10.1;
					};
				};
			};
			buildConfigurationList = 6353244D2254F639003E3762 /* Build configuration list for PBXProject "HSLImageProcessing" */;
			compatibilityVersion = "Xcode 9.3";
			developmentRegion = en;
			hasScannedForEncodings = 0;
			knownRegions = (
				en,
				Base,
			);
			mainGroup = 635324492254F639003E3762;
			productRefGroup = 635324532254F63A003E3762 /* Products */;
			projectDirPath = "";
			projectRoot = "";
			targets = (
				635324512254F639003E3762 /* HSLImageProcessing */,
			);
		};
/* End PBXProject section */

/* Begin PBXResourcesBuildPhase section */
		635324502254F639003E3762 /* Resources */ = {
			isa = PBXResourcesBuildPhase;
			buildActionMask = 2147483647;
			files = (
				6353249622591B95003E3762 /* ColorRoundButton.xib in Resources */,
				6353249C22592351003E3762 /* ColorPaleteView.xib in Resources */,
				6353248F2258F8AE003E3762 /* HSLControlView.xib in Resources */,
				635324AE2259270E003E3762 /* ColorCell.xib in Resources */,
				635324602254F63C003E3762 /* LaunchScreen.storyboard in Resources */,
				6353246A2254F6D4003E3762 /* ImageSettingsVC.xib in Resources */,
				6353245D2254F63C003E3762 /* Assets.xcassets in Resources */,
				635324BE225A5665003E3762 /* ImagePickerCell.xib in Resources */,
				635324B8225A5414003E3762 /* ImagePickerController.xib in Resources */,
				6353245B2254F63A003E3762 /* Main.storyboard in Resources */,
				6353247C2258A717003E3762 /* hsv_filter.cikernel in Resources */,
			);
			runOnlyForDeploymentPostprocessing = 0;
		};
/* End PBXResourcesBuildPhase section */

/* Begin PBXSourcesBuildPhase section */
		6353244E2254F639003E3762 /* Sources */ = {
			isa = PBXSourcesBuildPhase;
			buildActionMask = 2147483647;
			files = (
				635324892258DD4D003E3762 /* ImageScrollView.swift in Sources */,
				635324922259197E003E3762 /* ColorFilter.swift in Sources */,
				635324802258AC95003E3762 /* ColorUtility.swift in Sources */,
				6353249822591BA4003E3762 /* RoundImage.swift in Sources */,
				6353249A22591EE0003E3762 /* ColorRoundButton.swift in Sources */,
				635324832258BDAA003E3762 /* FilteredImageHelper.swift in Sources */,
				635324702254FE85003E3762 /* Extensions.swift in Sources */,
				635324B7225A5414003E3762 /* ImagePickerController.swift in Sources */,
				6353248B2258E29F003E3762 /* GradientSlider.swift in Sources */,
				635324B4225A4F3C003E3762 /* ActionImageButton.swift in Sources */,
				635324B2225A23A0003E3762 /* HSVSlider.swift in Sources */,
				6353247E2258A9A4003E3762 /* AdvHSLFilter.swift in Sources */,
				635324AD2259270E003E3762 /* ColorCell.swift in Sources */,
				635324B02259F140003E3762 /* FilterImageManager.swift in Sources */,
				6353249E22592392003E3762 /* ColorItem.swift in Sources */,
				635324C0225A56EE003E3762 /* ImageAdapter.swift in Sources */,
				6353248D2258F885003E3762 /* HSLControlView.swift in Sources */,
				635324A7225925FF003E3762 /* ColorPaleteView.swift in Sources */,
				635324AA2259265E003E3762 /* ColorAdapter.swift in Sources */,
				635324BD225A5665003E3762 /* ImagePickerCell.swift in Sources */,
				635324692254F6D4003E3762 /* ImageSettingsVC.swift in Sources */,
				635324562254F63A003E3762 /* AppDelegate.swift in Sources */,
			);
			runOnlyForDeploymentPostprocessing = 0;
		};
/* End PBXSourcesBuildPhase section */

/* Begin PBXVariantGroup section */
		635324592254F63A003E3762 /* Main.storyboard */ = {
			isa = PBXVariantGroup;
			children = (
				6353245A2254F63A003E3762 /* Base */,
			);
			name = Main.storyboard;
			sourceTree = "<group>";
		};
		6353245E2254F63C003E3762 /* LaunchScreen.storyboard */ = {
			isa = PBXVariantGroup;
			children = (
				6353245F2254F63C003E3762 /* Base */,
			);
			name = LaunchScreen.storyboard;
			sourceTree = "<group>";
		};
/* End PBXVariantGroup section */

/* Begin XCBuildConfiguration section */
		635324622254F63C003E3762 /* Debug */ = {
			isa = XCBuildConfiguration;
			buildSettings = {
				ALWAYS_SEARCH_USER_PATHS = NO;
				CLANG_ANALYZER_NONNULL = YES;
				CLANG_ANALYZER_NUMBER_OBJECT_CONVERSION = YES_AGGRESSIVE;
				CLANG_CXX_LANGUAGE_STANDARD = "gnu++14";
				CLANG_CXX_LIBRARY = "libc++";
				CLANG_ENABLE_MODULES = YES;
				CLANG_ENABLE_OBJC_ARC = YES;
				CLANG_ENABLE_OBJC_WEAK = YES;
				CLANG_WARN_BLOCK_CAPTURE_AUTORELEASING = YES;
				CLANG_WARN_BOOL_CONVERSION = YES;
				CLANG_WARN_COMMA = YES;
				CLANG_WARN_CONSTANT_CONVERSION = YES;
				CLANG_WARN_DEPRECATED_OBJC_IMPLEMENTATIONS = YES;
				CLANG_WARN_DIRECT_OBJC_ISA_USAGE = YES_ERROR;
				CLANG_WARN_DOCUMENTATION_COMMENTS = YES;
				CLANG_WARN_EMPTY_BODY = YES;
				CLANG_WARN_ENUM_CONVERSION = YES;
				CLANG_WARN_INFINITE_RECURSION = YES;
				CLANG_WARN_INT_CONVERSION = YES;
				CLANG_WARN_NON_LITERAL_NULL_CONVERSION = YES;
				CLANG_WARN_OBJC_IMPLICIT_RETAIN_SELF = YES;
				CLANG_WARN_OBJC_LITERAL_CONVERSION = YES;
				CLANG_WARN_OBJC_ROOT_CLASS = YES_ERROR;
				CLANG_WARN_RANGE_LOOP_ANALYSIS = YES;
				CLANG_WARN_STRICT_PROTOTYPES = YES;
				CLANG_WARN_SUSPICIOUS_MOVE = YES;
				CLANG_WARN_UNGUARDED_AVAILABILITY = YES_AGGRESSIVE;
				CLANG_WARN_UNREACHABLE_CODE = YES;
				CLANG_WARN__DUPLICATE_METHOD_MATCH = YES;
				CODE_SIGN_IDENTITY = "iPhone Developer";
				COPY_PHASE_STRIP = NO;
				DEBUG_INFORMATION_FORMAT = dwarf;
				ENABLE_STRICT_OBJC_MSGSEND = YES;
				ENABLE_TESTABILITY = YES;
				GCC_C_LANGUAGE_STANDARD = gnu11;
				GCC_DYNAMIC_NO_PIC = NO;
				GCC_NO_COMMON_BLOCKS = YES;
				GCC_OPTIMIZATION_LEVEL = 0;
				GCC_PREPROCESSOR_DEFINITIONS = (
					"DEBUG=1",
					"$(inherited)",
				);
				GCC_WARN_64_TO_32_BIT_CONVERSION = YES;
				GCC_WARN_ABOUT_RETURN_TYPE = YES_ERROR;
				GCC_WARN_UNDECLARED_SELECTOR = YES;
				GCC_WARN_UNINITIALIZED_AUTOS = YES_AGGRESSIVE;
				GCC_WARN_UNUSED_FUNCTION = YES;
				GCC_WARN_UNUSED_VARIABLE = YES;
				IPHONEOS_DEPLOYMENT_TARGET = 12.1;
				MTL_ENABLE_DEBUG_INFO = INCLUDE_SOURCE;
				MTL_FAST_MATH = YES;
				ONLY_ACTIVE_ARCH = YES;
				SDKROOT = iphoneos;
				SWIFT_ACTIVE_COMPILATION_CONDITIONS = DEBUG;
				SWIFT_OPTIMIZATION_LEVEL = "-Onone";
			};
			name = Debug;
		};
		635324632254F63C003E3762 /* Release */ = {
			isa = XCBuildConfiguration;
			buildSettings = {
				ALWAYS_SEARCH_USER_PATHS = NO;
				CLANG_ANALYZER_NONNULL = YES;
				CLANG_ANALYZER_NUMBER_OBJECT_CONVERSION = YES_AGGRESSIVE;
				CLANG_CXX_LANGUAGE_STANDARD = "gnu++14";
				CLANG_CXX_LIBRARY = "libc++";
				CLANG_ENABLE_MODULES = YES;
				CLANG_ENABLE_OBJC_ARC = YES;
				CLANG_ENABLE_OBJC_WEAK = YES;
				CLANG_WARN_BLOCK_CAPTURE_AUTORELEASING = YES;
				CLANG_WARN_BOOL_CONVERSION = YES;
				CLANG_WARN_COMMA = YES;
				CLANG_WARN_CONSTANT_CONVERSION = YES;
				CLANG_WARN_DEPRECATED_OBJC_IMPLEMENTATIONS = YES;
				CLANG_WARN_DIRECT_OBJC_ISA_USAGE = YES_ERROR;
				CLANG_WARN_DOCUMENTATION_COMMENTS = YES;
				CLANG_WARN_EMPTY_BODY = YES;
				CLANG_WARN_ENUM_CONVERSION = YES;
				CLANG_WARN_INFINITE_RECURSION = YES;
				CLANG_WARN_INT_CONVERSION = YES;
				CLANG_WARN_NON_LITERAL_NULL_CONVERSION = YES;
				CLANG_WARN_OBJC_IMPLICIT_RETAIN_SELF = YES;
				CLANG_WARN_OBJC_LITERAL_CONVERSION = YES;
				CLANG_WARN_OBJC_ROOT_CLASS = YES_ERROR;
				CLANG_WARN_RANGE_LOOP_ANALYSIS = YES;
				CLANG_WARN_STRICT_PROTOTYPES = YES;
				CLANG_WARN_SUSPICIOUS_MOVE = YES;
				CLANG_WARN_UNGUARDED_AVAILABILITY = YES_AGGRESSIVE;
				CLANG_WARN_UNREACHABLE_CODE = YES;
				CLANG_WARN__DUPLICATE_METHOD_MATCH = YES;
				CODE_SIGN_IDENTITY = "iPhone Developer";
				COPY_PHASE_STRIP = NO;
				DEBUG_INFORMATION_FORMAT = "dwarf-with-dsym";
				ENABLE_NS_ASSERTIONS = NO;
				ENABLE_STRICT_OBJC_MSGSEND = YES;
				GCC_C_LANGUAGE_STANDARD = gnu11;
				GCC_NO_COMMON_BLOCKS = YES;
				GCC_WARN_64_TO_32_BIT_CONVERSION = YES;
				GCC_WARN_ABOUT_RETURN_TYPE = YES_ERROR;
				GCC_WARN_UNDECLARED_SELECTOR = YES;
				GCC_WARN_UNINITIALIZED_AUTOS = YES_AGGRESSIVE;
				GCC_WARN_UNUSED_FUNCTION = YES;
				GCC_WARN_UNUSED_VARIABLE = YES;
				IPHONEOS_DEPLOYMENT_TARGET = 12.1;
				MTL_ENABLE_DEBUG_INFO = NO;
				MTL_FAST_MATH = YES;
				SDKROOT = iphoneos;
				SWIFT_COMPILATION_MODE = wholemodule;
				SWIFT_OPTIMIZATION_LEVEL = "-O";
				VALIDATE_PRODUCT = YES;
			};
			name = Release;
		};
		635324652254F63C003E3762 /* Debug */ = {
			isa = XCBuildConfiguration;
			buildSettings = {
				ASSETCATALOG_COMPILER_APPICON_NAME = AppIcon;
				CODE_SIGN_STYLE = Automatic;
				DEVELOPMENT_TEAM = 7848QT82M4;
				INFOPLIST_FILE = HSLImageProcessing/Info.plist;
				IPHONEOS_DEPLOYMENT_TARGET = 11.0;
				LD_RUNPATH_SEARCH_PATHS = (
					"$(inherited)",
					"@executable_path/Frameworks",
				);
				PRODUCT_BUNDLE_IDENTIFIER = com.azharkova.HSLImageProcessing;
				PRODUCT_NAME = "$(TARGET_NAME)";
				SWIFT_VERSION = 4.2;
				TARGETED_DEVICE_FAMILY = "1,2";
			};
			name = Debug;
		};
		635324662254F63C003E3762 /* Release */ = {
			isa = XCBuildConfiguration;
			buildSettings = {
				ASSETCATALOG_COMPILER_APPICON_NAME = AppIcon;
				CODE_SIGN_STYLE = Automatic;
				DEVELOPMENT_TEAM = 7848QT82M4;
				INFOPLIST_FILE = HSLImageProcessing/Info.plist;
				IPHONEOS_DEPLOYMENT_TARGET = 11.0;
				LD_RUNPATH_SEARCH_PATHS = (
					"$(inherited)",
					"@executable_path/Frameworks",
				);
				PRODUCT_BUNDLE_IDENTIFIER = com.azharkova.HSLImageProcessing;
				PRODUCT_NAME = "$(TARGET_NAME)";
				SWIFT_VERSION = 4.2;
				TARGETED_DEVICE_FAMILY = "1,2";
			};
			name = Release;
		};
/* End XCBuildConfiguration section */

/* Begin XCConfigurationList section */
		6353244D2254F639003E3762 /* Build configuration list for PBXProject "HSLImageProcessing" */ = {
			isa = XCConfigurationList;
			buildConfigurations = (
				635324622254F63C003E3762 /* Debug */,
				635324632254F63C003E3762 /* Release */,
			);
			defaultConfigurationIsVisible = 0;
			defaultConfigurationName = Release;
		};
		635324642254F63C003E3762 /* Build configuration list for PBXNativeTarget "HSLImageProcessing" */ = {
			isa = XCConfigurationList;
			buildConfigurations = (
				635324652254F63C003E3762 /* Debug */,
				635324662254F63C003E3762 /* Release */,
			);
			defaultConfigurationIsVisible = 0;
			defaultConfigurationName = Release;
		};
/* End XCConfigurationList section */
	};
	rootObject = 6353244A2254F639003E3762 /* Project object */;
}
